
Microsoft Visual Studio Solution File, Format Version 10.00
# Visual Studio 2008
Project("{FAE04EC0-301F-11D3-BF4B-00C04F79EFBC}") = "FileAccessDemo", "FileAccessDemo\FileAccessDemo.csproj", "{07896700-AF85-41D9-8602-91C5CCC92C45}"
EndProject
Project("{FAE04EC0-301F-11D3-BF4B-00C04F79EFBC}") = "ForceIpDemo", "ForceIpDemo\ForceIpDemo.csproj", "{66A8C93A-E0A1-4A45-B3A3-C3F20A50731C}"
EndProject
Project("{FAE04EC0-301F-11D3-BF4B-00C04F79EFBC}") = "MultipleDemo", "MultipleDemo\MultipleDemo.csproj", "{274498BB-7405-48D6-B909-258E6BFA1D26}"
EndProject
Project("{FAE04EC0-301F-11D3-BF4B-00C04F79EFBC}") = "BasicDemo", "BasicDemo\BasicDemo.csproj", "{D063BDD8-9149-4D51-B2CF-B2C5A098F5F9}"
EndProject
Project("{FAE04EC0-301F-11D3-BF4B-00C04F79EFBC}") = "Grab_Callback", "Grab_Callback\Grab_Callback.csproj", "{8CAADEB8-9C70-4430-B363-F312805A06D8}"
EndProject
Project("{FAE04EC0-301F-11D3-BF4B-00C04F79EFBC}") = "Grab_MSCCallback", "Grab_MSCCallback\Grab_MSCCallback.csproj", "{1766C670-8017-4514-A344-1B0A8CB96CF9}"
EndProject
Project("{FAE04EC0-301F-11D3-BF4B-00C04F79EFBC}") = "GrabImage", "GrabImage\GrabImage.csproj", "{CC044073-F448-4EBC-869C-B801F40C8560}"
EndProject
Project("{FAE04EC0-301F-11D3-BF4B-00C04F79EFBC}") = "MSC_BasicDemo", "MSC_BasicDemo\MSC_BasicDemo.csproj", "{88E247C6-A28C-469E-8DAD-A001341FA514}"
EndProject
Project("{FAE04EC0-301F-11D3-BF4B-00C04F79EFBC}") = "ReconnectDemo", "ReconnectDemo\ReconnectDemo.csproj", "{24877E05-E4B7-4849-9BE8-31246D26FBB1}"
EndProject
Global
	GlobalSection(SolutionConfigurationPlatforms) = preSolution
		Debug|Any CPU = Debug|Any CPU
		Debug|x64 = Debug|x64
		Debug|x86 = Debug|x86
		Release|Any CPU = Release|Any CPU
		Release|x64 = Release|x64
		Release|x86 = Release|x86
	EndGlobalSection
	GlobalSection(ProjectConfigurationPlatforms) = postSolution
		{07896700-AF85-41D9-8602-91C5CCC92C45}.Debug|Any CPU.ActiveCfg = Debug|Any CPU
		{07896700-AF85-41D9-8602-91C5CCC92C45}.Debug|Any CPU.Build.0 = Debug|Any CPU
		{07896700-AF85-41D9-8602-91C5CCC92C45}.Debug|x64.ActiveCfg = Debug|x64
		{07896700-AF85-41D9-8602-91C5CCC92C45}.Debug|x64.Build.0 = Debug|x64
		{07896700-AF85-41D9-8602-91C5CCC92C45}.Debug|x86.ActiveCfg = Debug|x86
		{07896700-AF85-41D9-8602-91C5CCC92C45}.Debug|x86.Build.0 = Debug|x86
		{07896700-AF85-41D9-8602-91C5CCC92C45}.Release|Any CPU.ActiveCfg = Release|Any CPU
		{07896700-AF85-41D9-8602-91C5CCC92C45}.Release|Any CPU.Build.0 = Release|Any CPU
		{07896700-AF85-41D9-8602-91C5CCC92C45}.Release|x64.ActiveCfg = Release|x64
		{07896700-AF85-41D9-8602-91C5CCC92C45}.Release|x64.Build.0 = Release|x64
		{07896700-AF85-41D9-8602-91C5CCC92C45}.Release|x86.ActiveCfg = Release|x86
		{07896700-AF85-41D9-8602-91C5CCC92C45}.Release|x86.Build.0 = Release|x86
		{66A8C93A-E0A1-4A45-B3A3-C3F20A50731C}.Debug|Any CPU.ActiveCfg = Debug|Any CPU
		{66A8C93A-E0A1-4A45-B3A3-C3F20A50731C}.Debug|Any CPU.Build.0 = Debug|Any CPU
		{66A8C93A-E0A1-4A45-B3A3-C3F20A50731C}.Debug|x64.ActiveCfg = Debug|x64
		{66A8C93A-E0A1-4A45-B3A3-C3F20A50731C}.Debug|x64.Build.0 = Debug|x64
		{66A8C93A-E0A1-4A45-B3A3-C3F20A50731C}.Debug|x86.ActiveCfg = Debug|x86
		{66A8C93A-E0A1-4A45-B3A3-C3F20A50731C}.Debug|x86.Build.0 = Debug|x86
		{66A8C93A-E0A1-4A45-B3A3-C3F20A50731C}.Release|Any CPU.ActiveCfg = Release|Any CPU
		{66A8C93A-E0A1-4A45-B3A3-C3F20A50731C}.Release|Any CPU.Build.0 = Release|Any CPU
		{66A8C93A-E0A1-4A45-B3A3-C3F20A50731C}.Release|x64.ActiveCfg = Release|x64
		{66A8C93A-E0A1-4A45-B3A3-C3F20A50731C}.Release|x64.Build.0 = Release|x64
		{66A8C93A-E0A1-4A45-B3A3-C3F20A50731C}.Release|x86.ActiveCfg = Release|x86
		{66A8C93A-E0A1-4A45-B3A3-C3F20A50731C}.Release|x86.Build.0 = Release|x86
		{274498BB-7405-48D6-B909-258E6BFA1D26}.Debug|Any CPU.ActiveCfg = Debug|Any CPU
		{274498BB-7405-48D6-B909-258E6BFA1D26}.Debug|Any CPU.Build.0 = Debug|Any CPU
		{274498BB-7405-48D6-B909-258E6BFA1D26}.Debug|x64.ActiveCfg = Debug|x64
		{274498BB-7405-48D6-B909-258E6BFA1D26}.Debug|x64.Build.0 = Debug|x64
		{274498BB-7405-48D6-B909-258E6BFA1D26}.Debug|x86.ActiveCfg = Debug|x86
		{274498BB-7405-48D6-B909-258E6BFA1D26}.Debug|x86.Build.0 = Debug|x86
		{274498BB-7405-48D6-B909-258E6BFA1D26}.Release|Any CPU.ActiveCfg = Release|Any CPU
		{274498BB-7405-48D6-B909-258E6BFA1D26}.Release|Any CPU.Build.0 = Release|Any CPU
		{274498BB-7405-48D6-B909-258E6BFA1D26}.Release|x64.ActiveCfg = Release|x64
		{274498BB-7405-48D6-B909-258E6BFA1D26}.Release|x64.Build.0 = Release|x64
		{274498BB-7405-48D6-B909-258E6BFA1D26}.Release|x86.ActiveCfg = Release|x86
		{274498BB-7405-48D6-B909-258E6BFA1D26}.Release|x86.Build.0 = Release|x86
		{D063BDD8-9149-4D51-B2CF-B2C5A098F5F9}.Debug|Any CPU.ActiveCfg = Debug|Any CPU
		{D063BDD8-9149-4D51-B2CF-B2C5A098F5F9}.Debug|Any CPU.Build.0 = Debug|Any CPU
		{D063BDD8-9149-4D51-B2CF-B2C5A098F5F9}.Debug|x64.ActiveCfg = Debug|x64
		{D063BDD8-9149-4D51-B2CF-B2C5A098F5F9}.Debug|x64.Build.0 = Debug|x64
		{D063BDD8-9149-4D51-B2CF-B2C5A098F5F9}.Debug|x86.ActiveCfg = Debug|x86
		{D063BDD8-9149-4D51-B2CF-B2C5A098F5F9}.Debug|x86.Build.0 = Debug|x86
		{D063BDD8-9149-4D51-B2CF-B2C5A098F5F9}.Release|Any CPU.ActiveCfg = Release|Any CPU
		{D063BDD8-9149-4D51-B2CF-B2C5A098F5F9}.Release|Any CPU.Build.0 = Release|Any CPU
		{D063BDD8-9149-4D51-B2CF-B2C5A098F5F9}.Release|x64.ActiveCfg = Release|x64
		{D063BDD8-9149-4D51-B2CF-B2C5A098F5F9}.Release|x64.Build.0 = Release|x64
		{D063BDD8-9149-4D51-B2CF-B2C5A098F5F9}.Release|x86.ActiveCfg = Release|x86
		{D063BDD8-9149-4D51-B2CF-B2C5A098F5F9}.Release|x86.Build.0 = Release|x86
		{8CAADEB8-9C70-4430-B363-F312805A06D8}.Debug|Any CPU.ActiveCfg = Debug|Any CPU
		{8CAADEB8-9C70-4430-B363-F312805A06D8}.Debug|Any CPU.Build.0 = Debug|Any CPU
		{8CAADEB8-9C70-4430-B363-F312805A06D8}.Debug|x64.ActiveCfg = Debug|x64
		{8CAADEB8-9C70-4430-B363-F312805A06D8}.Debug|x64.Build.0 = Debug|x64
		{8CAADEB8-9C70-4430-B363-F312805A06D8}.Debug|x86.ActiveCfg = Debug|x86
		{8CAADEB8-9C70-4430-B363-F312805A06D8}.Debug|x86.Build.0 = Debug|x86
		{8CAADEB8-9C70-4430-B363-F312805A06D8}.Release|Any CPU.ActiveCfg = Release|Any CPU
		{8CAADEB8-9C70-4430-B363-F312805A06D8}.Release|Any CPU.Build.0 = Release|Any CPU
		{8CAADEB8-9C70-4430-B363-F312805A06D8}.Release|x64.ActiveCfg = Release|x64
		{8CAADEB8-9C70-4430-B363-F312805A06D8}.Release|x64.Build.0 = Release|x64
		{8CAADEB8-9C70-4430-B363-F312805A06D8}.Release|x86.ActiveCfg = Release|x86
		{8CAADEB8-9C70-4430-B363-F312805A06D8}.Release|x86.Build.0 = Release|x86
		{1766C670-8017-4514-A344-1B0A8CB96CF9}.Debug|Any CPU.ActiveCfg = Debug|Any CPU
		{1766C670-8017-4514-A344-1B0A8CB96CF9}.Debug|Any CPU.Build.0 = Debug|Any CPU
		{1766C670-8017-4514-A344-1B0A8CB96CF9}.Debug|x64.ActiveCfg = Debug|x64
		{1766C670-8017-4514-A344-1B0A8CB96CF9}.Debug|x64.Build.0 = Debug|x64
		{1766C670-8017-4514-A344-1B0A8CB96CF9}.Debug|x86.ActiveCfg = Debug|x86
		{1766C670-8017-4514-A344-1B0A8CB96CF9}.Debug|x86.Build.0 = Debug|x86
		{1766C670-8017-4514-A344-1B0A8CB96CF9}.Release|Any CPU.ActiveCfg = Release|Any CPU
		{1766C670-8017-4514-A344-1B0A8CB96CF9}.Release|Any CPU.Build.0 = Release|Any CPU
		{1766C670-8017-4514-A344-1B0A8CB96CF9}.Release|x64.ActiveCfg = Release|x64
		{1766C670-8017-4514-A344-1B0A8CB96CF9}.Release|x64.Build.0 = Release|x64
		{1766C670-8017-4514-A344-1B0A8CB96CF9}.Release|x86.ActiveCfg = Release|x86
		{1766C670-8017-4514-A344-1B0A8CB96CF9}.Release|x86.Build.0 = Release|x86
		{CC044073-F448-4EBC-869C-B801F40C8560}.Debug|Any CPU.ActiveCfg = Debug|Any CPU
		{CC044073-F448-4EBC-869C-B801F40C8560}.Debug|Any CPU.Build.0 = Debug|Any CPU
		{CC044073-F448-4EBC-869C-B801F40C8560}.Debug|x64.ActiveCfg = Debug|x64
		{CC044073-F448-4EBC-869C-B801F40C8560}.Debug|x64.Build.0 = Debug|x64
		{CC044073-F448-4EBC-869C-B801F40C8560}.Debug|x86.ActiveCfg = Debug|x86
		{CC044073-F448-4EBC-869C-B801F40C8560}.Debug|x86.Build.0 = Debug|x86
		{CC044073-F448-4EBC-869C-B801F40C8560}.Release|Any CPU.ActiveCfg = Release|Any CPU
		{CC044073-F448-4EBC-869C-B801F40C8560}.Release|Any CPU.Build.0 = Release|Any CPU
		{CC044073-F448-4EBC-869C-B801F40C8560}.Release|x64.ActiveCfg = Release|x64
		{CC044073-F448-4EBC-869C-B801F40C8560}.Release|x64.Build.0 = Release|x64
		{CC044073-F448-4EBC-869C-B801F40C8560}.Release|x86.ActiveCfg = Release|x86
		{CC044073-F448-4EBC-869C-B801F40C8560}.Release|x86.Build.0 = Release|x86
		{88E247C6-A28C-469E-8DAD-A001341FA514}.Debug|Any CPU.ActiveCfg = Debug|Any CPU
		{88E247C6-A28C-469E-8DAD-A001341FA514}.Debug|Any CPU.Build.0 = Debug|Any CPU
		{88E247C6-A28C-469E-8DAD-A001341FA514}.Debug|x64.ActiveCfg = Debug|x64
		{88E247C6-A28C-469E-8DAD-A001341FA514}.Debug|x64.Build.0 = Debug|x64
		{88E247C6-A28C-469E-8DAD-A001341FA514}.Debug|x86.ActiveCfg = Debug|x86
		{88E247C6-A28C-469E-8DAD-A001341FA514}.Debug|x86.Build.0 = Debug|x86
		{88E247C6-A28C-469E-8DAD-A001341FA514}.Release|Any CPU.ActiveCfg = Release|Any CPU
		{88E247C6-A28C-469E-8DAD-A001341FA514}.Release|Any CPU.Build.0 = Release|Any CPU
		{88E247C6-A28C-469E-8DAD-A001341FA514}.Release|x64.ActiveCfg = Release|x64
		{88E247C6-A28C-469E-8DAD-A001341FA514}.Release|x64.Build.0 = Release|x64
		{88E247C6-A28C-469E-8DAD-A001341FA514}.Release|x86.ActiveCfg = Release|x86
		{88E247C6-A28C-469E-8DAD-A001341FA514}.Release|x86.Build.0 = Release|x86
		{24877E05-E4B7-4849-9BE8-31246D26FBB1}.Debug|Any CPU.ActiveCfg = Debug|Any CPU
		{24877E05-E4B7-4849-9BE8-31246D26FBB1}.Debug|Any CPU.Build.0 = Debug|Any CPU
		{24877E05-E4B7-4849-9BE8-31246D26FBB1}.Debug|x64.ActiveCfg = Debug|x64
		{24877E05-E4B7-4849-9BE8-31246D26FBB1}.Debug|x64.Build.0 = Debug|x64
		{24877E05-E4B7-4849-9BE8-31246D26FBB1}.Debug|x86.ActiveCfg = Debug|x86
		{24877E05-E4B7-4849-9BE8-31246D26FBB1}.Debug|x86.Build.0 = Debug|x86
		{24877E05-E4B7-4849-9BE8-31246D26FBB1}.Release|Any CPU.ActiveCfg = Release|Any CPU
		{24877E05-E4B7-4849-9BE8-31246D26FBB1}.Release|Any CPU.Build.0 = Release|Any CPU
		{24877E05-E4B7-4849-9BE8-31246D26FBB1}.Release|x64.ActiveCfg = Release|x64
		{24877E05-E4B7-4849-9BE8-31246D26FBB1}.Release|x64.Build.0 = Release|x64
		{24877E05-E4B7-4849-9BE8-31246D26FBB1}.Release|x86.ActiveCfg = Release|x86
		{24877E05-E4B7-4849-9BE8-31246D26FBB1}.Release|x86.Build.0 = Release|x86
	EndGlobalSection
	GlobalSection(SolutionProperties) = preSolution
		HideSolutionNode = FALSE
	EndGlobalSection
EndGlobal
