
Microsoft Visual Studio Solution File, Format Version 10.00
# Visual Studio 2008
Project("{FAE04EC0-301F-11D3-BF4B-00C04F79EFBC}") = "MvLogisticsSDKDemo_CS", "MvLogisticsSDKDemo_CS\MvLogisticsSDKDemo_CS.csproj", "{184BA047-81CF-4560-86BE-CF4D4278DF87}"
EndProject
Global
	GlobalSection(SolutionConfigurationPlatforms) = preSolution
		Debug|Any CPU = Debug|Any CPU
		Debug|x64 = Debug|x64
		Debug|x86 = Debug|x86
		Release|Any CPU = Release|Any CPU
		Release|x64 = Release|x64
		Release|x86 = Release|x86
	EndGlobalSection
	GlobalSection(ProjectConfigurationPlatforms) = postSolution
		{184BA047-81CF-4560-86BE-CF4D4278DF87}.Debug|Any CPU.ActiveCfg = Debug|Any CPU
		{184BA047-81CF-4560-86BE-CF4D4278DF87}.Debug|Any CPU.Build.0 = Debug|Any CPU
		{184BA047-81CF-4560-86BE-CF4D4278DF87}.Debug|x64.ActiveCfg = Debug|x64
		{184BA047-81CF-4560-86BE-CF4D4278DF87}.Debug|x64.Build.0 = Debug|x64
		{184BA047-81CF-4560-86BE-CF4D4278DF87}.Debug|x86.ActiveCfg = Debug|x86
		{184BA047-81CF-4560-86BE-CF4D4278DF87}.Debug|x86.Build.0 = Debug|x86
		{184BA047-81CF-4560-86BE-CF4D4278DF87}.Release|Any CPU.ActiveCfg = Release|Any CPU
		{184BA047-81CF-4560-86BE-CF4D4278DF87}.Release|Any CPU.Build.0 = Release|Any CPU
		{184BA047-81CF-4560-86BE-CF4D4278DF87}.Release|x64.ActiveCfg = Release|x64
		{184BA047-81CF-4560-86BE-CF4D4278DF87}.Release|x64.Build.0 = Release|x64
		{184BA047-81CF-4560-86BE-CF4D4278DF87}.Release|x86.ActiveCfg = Release|x86
		{184BA047-81CF-4560-86BE-CF4D4278DF87}.Release|x86.Build.0 = Release|x86
	EndGlobalSection
	GlobalSection(SolutionProperties) = preSolution
		HideSolutionNode = FALSE
	EndGlobalSection
EndGlobal
